
Microsoft Visual Studio Solution File, Format Version 12.00
# Visual Studio 14
VisualStudioVersion = 14.0.25420.1
MinimumVisualStudioVersion = 10.0.40219.1
Project("{8BB2217D-0F2D-49D1-97BC-3654ED321F3B}") = "CqsApplication", "CqsApplication.xproj", "{9B63691C-4BEF-40C5-9425-8AE0FBDB66D3}"
EndProject
Project("{FAE04EC0-301F-11D3-BF4B-00C04F79EFBC}") = "Persistence", "..\Persistence\Persistence.csproj", "{84D97F67-23EE-4B2F-99FD-269E4DBE4E58}"
EndProject
Project("{FAE04EC0-301F-11D3-BF4B-00C04F79EFBC}") = "Domain", "..\Domain\Domain.csproj", "{256D02B7-A59A-4F6A-8941-73B7CE5EA0E8}"
EndProject
Project("{FAE04EC0-301F-11D3-BF4B-00C04F79EFBC}") = "Service", "..\Service\Service.csproj", "{8CE5A2C8-6609-456A-8595-47B5FD2AA7BC}"
EndProject
Global
	GlobalSection(SolutionConfigurationPlatforms) = preSolution
		Debug|Any CPU = Debug|Any CPU
		Release|Any CPU = Release|Any CPU
	EndGlobalSection
	GlobalSection(ProjectConfigurationPlatforms) = postSolution
		{9B63691C-4BEF-40C5-9425-8AE0FBDB66D3}.Debug|Any CPU.ActiveCfg = Debug|Any CPU
		{9B63691C-4BEF-40C5-9425-8AE0FBDB66D3}.Debug|Any CPU.Build.0 = Debug|Any CPU
		{9B63691C-4BEF-40C5-9425-8AE0FBDB66D3}.Release|Any CPU.ActiveCfg = Release|Any CPU
		{9B63691C-4BEF-40C5-9425-8AE0FBDB66D3}.Release|Any CPU.Build.0 = Release|Any CPU
		{84D97F67-23EE-4B2F-99FD-269E4DBE4E58}.Debug|Any CPU.ActiveCfg = Debug|Any CPU
		{84D97F67-23EE-4B2F-99FD-269E4DBE4E58}.Debug|Any CPU.Build.0 = Debug|Any CPU
		{84D97F67-23EE-4B2F-99FD-269E4DBE4E58}.Release|Any CPU.ActiveCfg = Release|Any CPU
		{84D97F67-23EE-4B2F-99FD-269E4DBE4E58}.Release|Any CPU.Build.0 = Release|Any CPU
		{256D02B7-A59A-4F6A-8941-73B7CE5EA0E8}.Debug|Any CPU.ActiveCfg = Debug|Any CPU
		{256D02B7-A59A-4F6A-8941-73B7CE5EA0E8}.Debug|Any CPU.Build.0 = Debug|Any CPU
		{256D02B7-A59A-4F6A-8941-73B7CE5EA0E8}.Release|Any CPU.ActiveCfg = Release|Any CPU
		{256D02B7-A59A-4F6A-8941-73B7CE5EA0E8}.Release|Any CPU.Build.0 = Release|Any CPU
		{8CE5A2C8-6609-456A-8595-47B5FD2AA7BC}.Debug|Any CPU.ActiveCfg = Debug|Any CPU
		{8CE5A2C8-6609-456A-8595-47B5FD2AA7BC}.Debug|Any CPU.Build.0 = Debug|Any CPU
		{8CE5A2C8-6609-456A-8595-47B5FD2AA7BC}.Release|Any CPU.ActiveCfg = Release|Any CPU
		{8CE5A2C8-6609-456A-8595-47B5FD2AA7BC}.Release|Any CPU.Build.0 = Release|Any CPU
	EndGlobalSection
	GlobalSection(SolutionProperties) = preSolution
		HideSolutionNode = FALSE
	EndGlobalSection
EndGlobal
